
Microsoft Visual Studio Solution File, Format Version 12.00
# Visual Studio Version 17
VisualStudioVersion = 17.2.32526.322
MinimumVisualStudioVersion = 10.0.40219.1
Project("{9A19103F-16F7-4668-BE54-9A1E7A4F7556}") = "Plus", "src\Plus\Plus.csproj", "{A43452AC-DF8F-4BE0-9778-22BAF9799F2A}"
EndProject
Global
	GlobalSection(SolutionConfigurationPlatforms) = preSolution
		Debug|Any CPU = Debug|Any CPU
		Release|Any CPU = Release|Any CPU
	EndGlobalSection
	GlobalSection(ProjectConfigurationPlatforms) = postSolution
		{A43452AC-DF8F-4BE0-9778-22BAF9799F2A}.Debug|Any CPU.ActiveCfg = Debug|Any CPU
		{A43452AC-DF8F-4BE0-9778-22BAF9799F2A}.Debug|Any CPU.Build.0 = Debug|Any CPU
		{A43452AC-DF8F-4BE0-9778-22BAF9799F2A}.Release|Any CPU.ActiveCfg = Release|Any CPU
		{A43452AC-DF8F-4BE0-9778-22BAF9799F2A}.Release|Any CPU.Build.0 = Release|Any CPU
	EndGlobalSection
	GlobalSection(SolutionProperties) = preSolution
		HideSolutionNode = FALSE
	EndGlobalSection
	GlobalSection(ExtensibilityGlobals) = postSolution
		SolutionGuid = {5F33AEB3-DF0A-4BC7-B9A6-57AEFB68F803}
	EndGlobalSection
EndGlobal
