
Microsoft Visual Studio Solution File, Format Version 12.00
# Visual Studio Version 16
VisualStudioVersion = 16.0.29613.14
MinimumVisualStudioVersion = 10.0.40219.1
Project("{FAE04EC0-301F-11D3-BF4B-00C04F79EFBC}") = "Xport", "src\xport\Xport.csproj", "{10B86DA1-4256-4F3E-A21F-A39942354AB4}"
EndProject
Project("{2150E333-8FDC-42A3-9474-1A3956D46DE8}") = "eXport", "eXport", "{44577B98-DBC0-4368-BB5E-E118FCB7AA43}"
EndProject
Project("{FAE04EC0-301F-11D3-BF4B-00C04F79EFBC}") = "SwEDrawingsHost", "src\SwEDrawingsHost\SwEDrawingsHost.csproj", "{EEB31586-D2C6-40F4-A8B1-B60F1051ABF5}"
EndProject
Project("{FAE04EC0-301F-11D3-BF4B-00C04F79EFBC}") = "StandAloneExporter", "src\StandAloneExporter\StandAloneExporter.csproj", "{48464D5E-3C1E-4858-93C9-4F25311F85D3}"
EndProject
Project("{2150E333-8FDC-42A3-9474-1A3956D46DE8}") = "Tests", "Tests", "{CBB762FE-FEA6-4181-B75C-E3C6A60AA440}"
EndProject
Project("{9A19103F-16F7-4668-BE54-9A1E7A4F7556}") = "Xport.Tests", "tests\Xport.Tests\Xport.Tests.csproj", "{0FA076EA-55EF-4C7F-80A7-37605E505980}"
EndProject
Project("{FAE04EC0-301F-11D3-BF4B-00C04F79EFBC}") = "SwAddIn", "src\SwAddIn\SwAddIn.csproj", "{F35A8149-7E4E-4C2F-BDF3-80DD6DA6BD1B}"
EndProject
Project("{FAE04EC0-301F-11D3-BF4B-00C04F79EFBC}") = "CustomToolbar", "src\CustomToolbar\CustomToolbar.csproj", "{B645A77C-D088-45EE-95CA-AD45D63060CA}"
EndProject
Project("{9A19103F-16F7-4668-BE54-9A1E7A4F7556}") = "CustomToolbar.Tests", "tests\CustomToolbar.Tests\CustomToolbar.Tests.csproj", "{0312168C-2B71-4650-9DF6-992E762698E2}"
EndProject
Project("{FAE04EC0-301F-11D3-BF4B-00C04F79EFBC}") = "Common", "src\Common\Common.csproj", "{CB753A98-59D1-4058-B486-E1DFD86FB5BB}"
EndProject
Project("{2150E333-8FDC-42A3-9474-1A3956D46DE8}") = "AddIns", "AddIns", "{EA0ED5F6-7F35-43AC-AADA-E95CE5100630}"
EndProject
Project("{FAE04EC0-301F-11D3-BF4B-00C04F79EFBC}") = "BaseAddIn", "src\BaseAddIn\BaseAddIn.csproj", "{49632346-24D7-4A28-99EC-75A69B43C81C}"
EndProject
Project("{2150E333-8FDC-42A3-9474-1A3956D46DE8}") = "Batch", "Batch", "{C4DA2E78-F55E-4E05-A888-177EE6270A8B}"
EndProject
Project("{FAE04EC0-301F-11D3-BF4B-00C04F79EFBC}") = "XBatch.Base", "src\XBatch.Base\XBatch.Base.csproj", "{C64AE433-7BB9-4EDA-A54F-D71F2BF1B015}"
EndProject
Project("{FAE04EC0-301F-11D3-BF4B-00C04F79EFBC}") = "XBatch.Sw", "src\XBatch.Sw\XBatch.Sw.csproj", "{A7D83A5E-6376-4C3D-ADF0-3DC718635C44}"
EndProject
Project("{9A19103F-16F7-4668-BE54-9A1E7A4F7556}") = "Xbatch.Tests", "tests\Xbatch.Tests\Xbatch.Tests.csproj", "{4232461D-4433-4986-B307-F70A9A67929D}"
EndProject
Project("{FAE04EC0-301F-11D3-BF4B-00C04F79EFBC}") = "Init", "src\Init\Init.csproj", "{C5008247-53FB-410D-B8E4-1E44312CBEDC}"
EndProject
Project("{FAE04EC0-301F-11D3-BF4B-00C04F79EFBC}") = "Batch.InApp", "src\Batch.InApp\Batch.InApp.csproj", "{53F6CBFC-CE45-4E09-966E-9B4E134CAA97}"
EndProject
Project("{2150E333-8FDC-42A3-9474-1A3956D46DE8}") = "Modules", "Modules", "{ED96A8B1-758F-42C9-A55D-8DFF1BAB51D5}"
EndProject
Project("{2150E333-8FDC-42A3-9474-1A3956D46DE8}") = "MacroRunner", "MacroRunner", "{06DF768D-5302-4413-BBA2-C81D2A0BAD88}"
EndProject
Project("{FAE04EC0-301F-11D3-BF4B-00C04F79EFBC}") = "MacroRunner", "src\MacroRunner\MacroRunner.csproj", "{F17D7E6B-8786-467A-A014-77311B399EFC}"
EndProject
Project("{FAE04EC0-301F-11D3-BF4B-00C04F79EFBC}") = "MacroRunner.Sw", "src\MacroRunner.Sw\MacroRunner.Sw.csproj", "{DA8337D6-678B-41A4-815B-2AAB9D80714D}"
EndProject
Project("{FAE04EC0-301F-11D3-BF4B-00C04F79EFBC}") = "Common.Sw", "src\Common.Sw\Common.Sw.csproj", "{E1D89E3C-EBE7-41AF-B5A9-2048929702E2}"
EndProject
Global
	GlobalSection(SolutionConfigurationPlatforms) = preSolution
		Debug|Any CPU = Debug|Any CPU
		Debug|x64 = Debug|x64
		Release|Any CPU = Release|Any CPU
		Release|x64 = Release|x64
	EndGlobalSection
	GlobalSection(ProjectConfigurationPlatforms) = postSolution
		{10B86DA1-4256-4F3E-A21F-A39942354AB4}.Debug|Any CPU.ActiveCfg = Debug|Any CPU
		{10B86DA1-4256-4F3E-A21F-A39942354AB4}.Debug|Any CPU.Build.0 = Debug|Any CPU
		{10B86DA1-4256-4F3E-A21F-A39942354AB4}.Debug|x64.ActiveCfg = Debug|Any CPU
		{10B86DA1-4256-4F3E-A21F-A39942354AB4}.Debug|x64.Build.0 = Debug|Any CPU
		{10B86DA1-4256-4F3E-A21F-A39942354AB4}.Release|Any CPU.ActiveCfg = Release|Any CPU
		{10B86DA1-4256-4F3E-A21F-A39942354AB4}.Release|Any CPU.Build.0 = Release|Any CPU
		{10B86DA1-4256-4F3E-A21F-A39942354AB4}.Release|x64.ActiveCfg = Release|Any CPU
		{10B86DA1-4256-4F3E-A21F-A39942354AB4}.Release|x64.Build.0 = Release|Any CPU
		{EEB31586-D2C6-40F4-A8B1-B60F1051ABF5}.Debug|Any CPU.ActiveCfg = Debug|Any CPU
		{EEB31586-D2C6-40F4-A8B1-B60F1051ABF5}.Debug|Any CPU.Build.0 = Debug|Any CPU
		{EEB31586-D2C6-40F4-A8B1-B60F1051ABF5}.Debug|x64.ActiveCfg = Debug|Any CPU
		{EEB31586-D2C6-40F4-A8B1-B60F1051ABF5}.Debug|x64.Build.0 = Debug|Any CPU
		{EEB31586-D2C6-40F4-A8B1-B60F1051ABF5}.Release|Any CPU.ActiveCfg = Release|Any CPU
		{EEB31586-D2C6-40F4-A8B1-B60F1051ABF5}.Release|Any CPU.Build.0 = Release|Any CPU
		{EEB31586-D2C6-40F4-A8B1-B60F1051ABF5}.Release|x64.ActiveCfg = Release|Any CPU
		{EEB31586-D2C6-40F4-A8B1-B60F1051ABF5}.Release|x64.Build.0 = Release|Any CPU
		{48464D5E-3C1E-4858-93C9-4F25311F85D3}.Debug|Any CPU.ActiveCfg = Debug|Any CPU
		{48464D5E-3C1E-4858-93C9-4F25311F85D3}.Debug|Any CPU.Build.0 = Debug|Any CPU
		{48464D5E-3C1E-4858-93C9-4F25311F85D3}.Debug|x64.ActiveCfg = Debug|Any CPU
		{48464D5E-3C1E-4858-93C9-4F25311F85D3}.Debug|x64.Build.0 = Debug|Any CPU
		{48464D5E-3C1E-4858-93C9-4F25311F85D3}.Release|Any CPU.ActiveCfg = Release|Any CPU
		{48464D5E-3C1E-4858-93C9-4F25311F85D3}.Release|Any CPU.Build.0 = Release|Any CPU
		{48464D5E-3C1E-4858-93C9-4F25311F85D3}.Release|x64.ActiveCfg = Release|Any CPU
		{48464D5E-3C1E-4858-93C9-4F25311F85D3}.Release|x64.Build.0 = Release|Any CPU
		{0FA076EA-55EF-4C7F-80A7-37605E505980}.Debug|Any CPU.ActiveCfg = Debug|Any CPU
		{0FA076EA-55EF-4C7F-80A7-37605E505980}.Debug|Any CPU.Build.0 = Debug|Any CPU
		{0FA076EA-55EF-4C7F-80A7-37605E505980}.Debug|x64.ActiveCfg = Debug|Any CPU
		{0FA076EA-55EF-4C7F-80A7-37605E505980}.Debug|x64.Build.0 = Debug|Any CPU
		{0FA076EA-55EF-4C7F-80A7-37605E505980}.Release|Any CPU.ActiveCfg = Release|Any CPU
		{0FA076EA-55EF-4C7F-80A7-37605E505980}.Release|Any CPU.Build.0 = Release|Any CPU
		{0FA076EA-55EF-4C7F-80A7-37605E505980}.Release|x64.ActiveCfg = Release|Any CPU
		{0FA076EA-55EF-4C7F-80A7-37605E505980}.Release|x64.Build.0 = Release|Any CPU
		{F35A8149-7E4E-4C2F-BDF3-80DD6DA6BD1B}.Debug|Any CPU.ActiveCfg = Debug|Any CPU
		{F35A8149-7E4E-4C2F-BDF3-80DD6DA6BD1B}.Debug|Any CPU.Build.0 = Debug|Any CPU
		{F35A8149-7E4E-4C2F-BDF3-80DD6DA6BD1B}.Debug|x64.ActiveCfg = Debug|Any CPU
		{F35A8149-7E4E-4C2F-BDF3-80DD6DA6BD1B}.Debug|x64.Build.0 = Debug|Any CPU
		{F35A8149-7E4E-4C2F-BDF3-80DD6DA6BD1B}.Release|Any CPU.ActiveCfg = Release|Any CPU
		{F35A8149-7E4E-4C2F-BDF3-80DD6DA6BD1B}.Release|Any CPU.Build.0 = Release|Any CPU
		{F35A8149-7E4E-4C2F-BDF3-80DD6DA6BD1B}.Release|x64.ActiveCfg = Release|Any CPU
		{F35A8149-7E4E-4C2F-BDF3-80DD6DA6BD1B}.Release|x64.Build.0 = Release|Any CPU
		{B645A77C-D088-45EE-95CA-AD45D63060CA}.Debug|Any CPU.ActiveCfg = Debug|Any CPU
		{B645A77C-D088-45EE-95CA-AD45D63060CA}.Debug|Any CPU.Build.0 = Debug|Any CPU
		{B645A77C-D088-45EE-95CA-AD45D63060CA}.Debug|x64.ActiveCfg = Debug|Any CPU
		{B645A77C-D088-45EE-95CA-AD45D63060CA}.Debug|x64.Build.0 = Debug|Any CPU
		{B645A77C-D088-45EE-95CA-AD45D63060CA}.Release|Any CPU.ActiveCfg = Release|Any CPU
		{B645A77C-D088-45EE-95CA-AD45D63060CA}.Release|Any CPU.Build.0 = Release|Any CPU
		{B645A77C-D088-45EE-95CA-AD45D63060CA}.Release|x64.ActiveCfg = Release|Any CPU
		{B645A77C-D088-45EE-95CA-AD45D63060CA}.Release|x64.Build.0 = Release|Any CPU
		{0312168C-2B71-4650-9DF6-992E762698E2}.Debug|Any CPU.ActiveCfg = Debug|Any CPU
		{0312168C-2B71-4650-9DF6-992E762698E2}.Debug|Any CPU.Build.0 = Debug|Any CPU
		{0312168C-2B71-4650-9DF6-992E762698E2}.Debug|x64.ActiveCfg = Debug|Any CPU
		{0312168C-2B71-4650-9DF6-992E762698E2}.Debug|x64.Build.0 = Debug|Any CPU
		{0312168C-2B71-4650-9DF6-992E762698E2}.Release|Any CPU.ActiveCfg = Release|Any CPU
		{0312168C-2B71-4650-9DF6-992E762698E2}.Release|Any CPU.Build.0 = Release|Any CPU
		{0312168C-2B71-4650-9DF6-992E762698E2}.Release|x64.ActiveCfg = Release|Any CPU
		{0312168C-2B71-4650-9DF6-992E762698E2}.Release|x64.Build.0 = Release|Any CPU
		{CB753A98-59D1-4058-B486-E1DFD86FB5BB}.Debug|Any CPU.ActiveCfg = Debug|Any CPU
		{CB753A98-59D1-4058-B486-E1DFD86FB5BB}.Debug|Any CPU.Build.0 = Debug|Any CPU
		{CB753A98-59D1-4058-B486-E1DFD86FB5BB}.Debug|x64.ActiveCfg = Debug|Any CPU
		{CB753A98-59D1-4058-B486-E1DFD86FB5BB}.Debug|x64.Build.0 = Debug|Any CPU
		{CB753A98-59D1-4058-B486-E1DFD86FB5BB}.Release|Any CPU.ActiveCfg = Release|Any CPU
		{CB753A98-59D1-4058-B486-E1DFD86FB5BB}.Release|Any CPU.Build.0 = Release|Any CPU
		{CB753A98-59D1-4058-B486-E1DFD86FB5BB}.Release|x64.ActiveCfg = Release|Any CPU
		{CB753A98-59D1-4058-B486-E1DFD86FB5BB}.Release|x64.Build.0 = Release|Any CPU
		{49632346-24D7-4A28-99EC-75A69B43C81C}.Debug|Any CPU.ActiveCfg = Debug|Any CPU
		{49632346-24D7-4A28-99EC-75A69B43C81C}.Debug|Any CPU.Build.0 = Debug|Any CPU
		{49632346-24D7-4A28-99EC-75A69B43C81C}.Debug|x64.ActiveCfg = Debug|Any CPU
		{49632346-24D7-4A28-99EC-75A69B43C81C}.Debug|x64.Build.0 = Debug|Any CPU
		{49632346-24D7-4A28-99EC-75A69B43C81C}.Release|Any CPU.ActiveCfg = Release|Any CPU
		{49632346-24D7-4A28-99EC-75A69B43C81C}.Release|Any CPU.Build.0 = Release|Any CPU
		{49632346-24D7-4A28-99EC-75A69B43C81C}.Release|x64.ActiveCfg = Release|Any CPU
		{49632346-24D7-4A28-99EC-75A69B43C81C}.Release|x64.Build.0 = Release|Any CPU
		{C64AE433-7BB9-4EDA-A54F-D71F2BF1B015}.Debug|Any CPU.ActiveCfg = Debug|Any CPU
		{C64AE433-7BB9-4EDA-A54F-D71F2BF1B015}.Debug|Any CPU.Build.0 = Debug|Any CPU
		{C64AE433-7BB9-4EDA-A54F-D71F2BF1B015}.Debug|x64.ActiveCfg = Debug|Any CPU
		{C64AE433-7BB9-4EDA-A54F-D71F2BF1B015}.Debug|x64.Build.0 = Debug|Any CPU
		{C64AE433-7BB9-4EDA-A54F-D71F2BF1B015}.Release|Any CPU.ActiveCfg = Release|Any CPU
		{C64AE433-7BB9-4EDA-A54F-D71F2BF1B015}.Release|Any CPU.Build.0 = Release|Any CPU
		{C64AE433-7BB9-4EDA-A54F-D71F2BF1B015}.Release|x64.ActiveCfg = Release|Any CPU
		{C64AE433-7BB9-4EDA-A54F-D71F2BF1B015}.Release|x64.Build.0 = Release|Any CPU
		{A7D83A5E-6376-4C3D-ADF0-3DC718635C44}.Debug|Any CPU.ActiveCfg = Debug|Any CPU
		{A7D83A5E-6376-4C3D-ADF0-3DC718635C44}.Debug|Any CPU.Build.0 = Debug|Any CPU
		{A7D83A5E-6376-4C3D-ADF0-3DC718635C44}.Debug|x64.ActiveCfg = Debug|Any CPU
		{A7D83A5E-6376-4C3D-ADF0-3DC718635C44}.Debug|x64.Build.0 = Debug|Any CPU
		{A7D83A5E-6376-4C3D-ADF0-3DC718635C44}.Release|Any CPU.ActiveCfg = Release|Any CPU
		{A7D83A5E-6376-4C3D-ADF0-3DC718635C44}.Release|Any CPU.Build.0 = Release|Any CPU
		{A7D83A5E-6376-4C3D-ADF0-3DC718635C44}.Release|x64.ActiveCfg = Release|Any CPU
		{A7D83A5E-6376-4C3D-ADF0-3DC718635C44}.Release|x64.Build.0 = Release|Any CPU
		{4232461D-4433-4986-B307-F70A9A67929D}.Debug|Any CPU.ActiveCfg = Debug|Any CPU
		{4232461D-4433-4986-B307-F70A9A67929D}.Debug|Any CPU.Build.0 = Debug|Any CPU
		{4232461D-4433-4986-B307-F70A9A67929D}.Debug|x64.ActiveCfg = Debug|Any CPU
		{4232461D-4433-4986-B307-F70A9A67929D}.Debug|x64.Build.0 = Debug|Any CPU
		{4232461D-4433-4986-B307-F70A9A67929D}.Release|Any CPU.ActiveCfg = Release|Any CPU
		{4232461D-4433-4986-B307-F70A9A67929D}.Release|Any CPU.Build.0 = Release|Any CPU
		{4232461D-4433-4986-B307-F70A9A67929D}.Release|x64.ActiveCfg = Release|Any CPU
		{4232461D-4433-4986-B307-F70A9A67929D}.Release|x64.Build.0 = Release|Any CPU
		{C5008247-53FB-410D-B8E4-1E44312CBEDC}.Debug|Any CPU.ActiveCfg = Debug|Any CPU
		{C5008247-53FB-410D-B8E4-1E44312CBEDC}.Debug|Any CPU.Build.0 = Debug|Any CPU
		{C5008247-53FB-410D-B8E4-1E44312CBEDC}.Debug|x64.ActiveCfg = Debug|Any CPU
		{C5008247-53FB-410D-B8E4-1E44312CBEDC}.Debug|x64.Build.0 = Debug|Any CPU
		{C5008247-53FB-410D-B8E4-1E44312CBEDC}.Release|Any CPU.ActiveCfg = Release|Any CPU
		{C5008247-53FB-410D-B8E4-1E44312CBEDC}.Release|Any CPU.Build.0 = Release|Any CPU
		{C5008247-53FB-410D-B8E4-1E44312CBEDC}.Release|x64.ActiveCfg = Release|Any CPU
		{C5008247-53FB-410D-B8E4-1E44312CBEDC}.Release|x64.Build.0 = Release|Any CPU
		{53F6CBFC-CE45-4E09-966E-9B4E134CAA97}.Debug|Any CPU.ActiveCfg = Debug|Any CPU
		{53F6CBFC-CE45-4E09-966E-9B4E134CAA97}.Debug|Any CPU.Build.0 = Debug|Any CPU
		{53F6CBFC-CE45-4E09-966E-9B4E134CAA97}.Debug|x64.ActiveCfg = Debug|Any CPU
		{53F6CBFC-CE45-4E09-966E-9B4E134CAA97}.Debug|x64.Build.0 = Debug|Any CPU
		{53F6CBFC-CE45-4E09-966E-9B4E134CAA97}.Release|Any CPU.ActiveCfg = Release|Any CPU
		{53F6CBFC-CE45-4E09-966E-9B4E134CAA97}.Release|Any CPU.Build.0 = Release|Any CPU
		{53F6CBFC-CE45-4E09-966E-9B4E134CAA97}.Release|x64.ActiveCfg = Release|Any CPU
		{53F6CBFC-CE45-4E09-966E-9B4E134CAA97}.Release|x64.Build.0 = Release|Any CPU
		{F17D7E6B-8786-467A-A014-77311B399EFC}.Debug|Any CPU.ActiveCfg = Debug|Any CPU
		{F17D7E6B-8786-467A-A014-77311B399EFC}.Debug|Any CPU.Build.0 = Debug|Any CPU
		{F17D7E6B-8786-467A-A014-77311B399EFC}.Debug|x64.ActiveCfg = Debug|Any CPU
		{F17D7E6B-8786-467A-A014-77311B399EFC}.Debug|x64.Build.0 = Debug|Any CPU
		{F17D7E6B-8786-467A-A014-77311B399EFC}.Release|Any CPU.ActiveCfg = Release|Any CPU
		{F17D7E6B-8786-467A-A014-77311B399EFC}.Release|Any CPU.Build.0 = Release|Any CPU
		{F17D7E6B-8786-467A-A014-77311B399EFC}.Release|x64.ActiveCfg = Release|Any CPU
		{F17D7E6B-8786-467A-A014-77311B399EFC}.Release|x64.Build.0 = Release|Any CPU
		{DA8337D6-678B-41A4-815B-2AAB9D80714D}.Debug|Any CPU.ActiveCfg = Debug|Any CPU
		{DA8337D6-678B-41A4-815B-2AAB9D80714D}.Debug|Any CPU.Build.0 = Debug|Any CPU
		{DA8337D6-678B-41A4-815B-2AAB9D80714D}.Debug|x64.ActiveCfg = Debug|Any CPU
		{DA8337D6-678B-41A4-815B-2AAB9D80714D}.Debug|x64.Build.0 = Debug|Any CPU
		{DA8337D6-678B-41A4-815B-2AAB9D80714D}.Release|Any CPU.ActiveCfg = Release|Any CPU
		{DA8337D6-678B-41A4-815B-2AAB9D80714D}.Release|Any CPU.Build.0 = Release|Any CPU
		{DA8337D6-678B-41A4-815B-2AAB9D80714D}.Release|x64.ActiveCfg = Release|Any CPU
		{DA8337D6-678B-41A4-815B-2AAB9D80714D}.Release|x64.Build.0 = Release|Any CPU
		{E1D89E3C-EBE7-41AF-B5A9-2048929702E2}.Debug|Any CPU.ActiveCfg = Debug|Any CPU
		{E1D89E3C-EBE7-41AF-B5A9-2048929702E2}.Debug|Any CPU.Build.0 = Debug|Any CPU
		{E1D89E3C-EBE7-41AF-B5A9-2048929702E2}.Debug|x64.ActiveCfg = Debug|Any CPU
		{E1D89E3C-EBE7-41AF-B5A9-2048929702E2}.Debug|x64.Build.0 = Debug|Any CPU
		{E1D89E3C-EBE7-41AF-B5A9-2048929702E2}.Release|Any CPU.ActiveCfg = Release|Any CPU
		{E1D89E3C-EBE7-41AF-B5A9-2048929702E2}.Release|Any CPU.Build.0 = Release|Any CPU
		{E1D89E3C-EBE7-41AF-B5A9-2048929702E2}.Release|x64.ActiveCfg = Release|Any CPU
		{E1D89E3C-EBE7-41AF-B5A9-2048929702E2}.Release|x64.Build.0 = Release|Any CPU
	EndGlobalSection
	GlobalSection(SolutionProperties) = preSolution
		HideSolutionNode = FALSE
	EndGlobalSection
	GlobalSection(NestedProjects) = preSolution
		{10B86DA1-4256-4F3E-A21F-A39942354AB4} = {44577B98-DBC0-4368-BB5E-E118FCB7AA43}
		{44577B98-DBC0-4368-BB5E-E118FCB7AA43} = {ED96A8B1-758F-42C9-A55D-8DFF1BAB51D5}
		{EEB31586-D2C6-40F4-A8B1-B60F1051ABF5} = {44577B98-DBC0-4368-BB5E-E118FCB7AA43}
		{48464D5E-3C1E-4858-93C9-4F25311F85D3} = {44577B98-DBC0-4368-BB5E-E118FCB7AA43}
		{0FA076EA-55EF-4C7F-80A7-37605E505980} = {CBB762FE-FEA6-4181-B75C-E3C6A60AA440}
		{F35A8149-7E4E-4C2F-BDF3-80DD6DA6BD1B} = {EA0ED5F6-7F35-43AC-AADA-E95CE5100630}
		{B645A77C-D088-45EE-95CA-AD45D63060CA} = {ED96A8B1-758F-42C9-A55D-8DFF1BAB51D5}
		{0312168C-2B71-4650-9DF6-992E762698E2} = {CBB762FE-FEA6-4181-B75C-E3C6A60AA440}
		{49632346-24D7-4A28-99EC-75A69B43C81C} = {EA0ED5F6-7F35-43AC-AADA-E95CE5100630}
		{C4DA2E78-F55E-4E05-A888-177EE6270A8B} = {ED96A8B1-758F-42C9-A55D-8DFF1BAB51D5}
		{C64AE433-7BB9-4EDA-A54F-D71F2BF1B015} = {C4DA2E78-F55E-4E05-A888-177EE6270A8B}
		{A7D83A5E-6376-4C3D-ADF0-3DC718635C44} = {C4DA2E78-F55E-4E05-A888-177EE6270A8B}
		{4232461D-4433-4986-B307-F70A9A67929D} = {CBB762FE-FEA6-4181-B75C-E3C6A60AA440}
		{53F6CBFC-CE45-4E09-966E-9B4E134CAA97} = {C4DA2E78-F55E-4E05-A888-177EE6270A8B}
		{06DF768D-5302-4413-BBA2-C81D2A0BAD88} = {ED96A8B1-758F-42C9-A55D-8DFF1BAB51D5}
		{F17D7E6B-8786-467A-A014-77311B399EFC} = {06DF768D-5302-4413-BBA2-C81D2A0BAD88}
		{DA8337D6-678B-41A4-815B-2AAB9D80714D} = {06DF768D-5302-4413-BBA2-C81D2A0BAD88}
	EndGlobalSection
	GlobalSection(ExtensibilityGlobals) = postSolution
		SolutionGuid = {3C2BBB3C-6B3A-4CC2-BD49-20745320B11A}
	EndGlobalSection
EndGlobal
