
Microsoft Visual Studio Solution File, Format Version 12.00
# Visual Studio Version 16
VisualStudioVersion = 16.0.29613.14
MinimumVisualStudioVersion = 10.0.40219.1
Project("{FAE04EC0-301F-11D3-BF4B-00C04F79EFBC}") = "Xport", "src\xport\Xport.csproj", "{10B86DA1-4256-4F3E-A21F-A39942354AB4}"
EndProject
Project("{2150E333-8FDC-42A3-9474-1A3956D46DE8}") = "Xport", "Xport", "{44577B98-DBC0-4368-BB5E-E118FCB7AA43}"
EndProject
Project("{FAE04EC0-301F-11D3-BF4B-00C04F79EFBC}") = "SwEDrawingsHost", "src\SwEDrawingsHost\SwEDrawingsHost.csproj", "{EEB31586-D2C6-40F4-A8B1-B60F1051ABF5}"
EndProject
Project("{FAE04EC0-301F-11D3-BF4B-00C04F79EFBC}") = "StandAloneExporter", "src\StandAloneExporter\StandAloneExporter.csproj", "{48464D5E-3C1E-4858-93C9-4F25311F85D3}"
EndProject
Project("{2150E333-8FDC-42A3-9474-1A3956D46DE8}") = "Tests", "Tests", "{CBB762FE-FEA6-4181-B75C-E3C6A60AA440}"
EndProject
Project("{9A19103F-16F7-4668-BE54-9A1E7A4F7556}") = "Xport.Tests", "tests\Xport.Tests\Xport.Tests.csproj", "{0FA076EA-55EF-4C7F-80A7-37605E505980}"
EndProject
Project("{FAE04EC0-301F-11D3-BF4B-00C04F79EFBC}") = "CadPlusSwAddIn", "src\CadPlusSwAddIn\CadPlusSwAddIn.csproj", "{F35A8149-7E4E-4C2F-BDF3-80DD6DA6BD1B}"
EndProject
Project("{FAE04EC0-301F-11D3-BF4B-00C04F79EFBC}") = "CustomToolbar", "src\CustomToolbar\CustomToolbar.csproj", "{B645A77C-D088-45EE-95CA-AD45D63060CA}"
EndProject
Project("{FAE04EC0-301F-11D3-BF4B-00C04F79EFBC}") = "ExtensionModule", "src\ExtensionModule\ExtensionModule.csproj", "{6BF97F84-C902-470F-874F-4AD839CB16B9}"
EndProject
Project("{FAE04EC0-301F-11D3-BF4B-00C04F79EFBC}") = "CustomToolbar.Tests", "tests\CustomToolbar.Tests\CustomToolbar.Tests.csproj", "{0312168C-2B71-4650-9DF6-992E762698E2}"
EndProject
Global
	GlobalSection(SolutionConfigurationPlatforms) = preSolution
		Debug|Any CPU = Debug|Any CPU
		Debug|x64 = Debug|x64
		Release|Any CPU = Release|Any CPU
		Release|x64 = Release|x64
	EndGlobalSection
	GlobalSection(ProjectConfigurationPlatforms) = postSolution
		{10B86DA1-4256-4F3E-A21F-A39942354AB4}.Debug|Any CPU.ActiveCfg = Debug|Any CPU
		{10B86DA1-4256-4F3E-A21F-A39942354AB4}.Debug|Any CPU.Build.0 = Debug|Any CPU
		{10B86DA1-4256-4F3E-A21F-A39942354AB4}.Debug|x64.ActiveCfg = Debug|Any CPU
		{10B86DA1-4256-4F3E-A21F-A39942354AB4}.Debug|x64.Build.0 = Debug|Any CPU
		{10B86DA1-4256-4F3E-A21F-A39942354AB4}.Release|Any CPU.ActiveCfg = Release|Any CPU
		{10B86DA1-4256-4F3E-A21F-A39942354AB4}.Release|Any CPU.Build.0 = Release|Any CPU
		{10B86DA1-4256-4F3E-A21F-A39942354AB4}.Release|x64.ActiveCfg = Release|Any CPU
		{10B86DA1-4256-4F3E-A21F-A39942354AB4}.Release|x64.Build.0 = Release|Any CPU
		{EEB31586-D2C6-40F4-A8B1-B60F1051ABF5}.Debug|Any CPU.ActiveCfg = Debug|Any CPU
		{EEB31586-D2C6-40F4-A8B1-B60F1051ABF5}.Debug|Any CPU.Build.0 = Debug|Any CPU
		{EEB31586-D2C6-40F4-A8B1-B60F1051ABF5}.Debug|x64.ActiveCfg = Debug|Any CPU
		{EEB31586-D2C6-40F4-A8B1-B60F1051ABF5}.Debug|x64.Build.0 = Debug|Any CPU
		{EEB31586-D2C6-40F4-A8B1-B60F1051ABF5}.Release|Any CPU.ActiveCfg = Release|Any CPU
		{EEB31586-D2C6-40F4-A8B1-B60F1051ABF5}.Release|Any CPU.Build.0 = Release|Any CPU
		{EEB31586-D2C6-40F4-A8B1-B60F1051ABF5}.Release|x64.ActiveCfg = Release|Any CPU
		{EEB31586-D2C6-40F4-A8B1-B60F1051ABF5}.Release|x64.Build.0 = Release|Any CPU
		{48464D5E-3C1E-4858-93C9-4F25311F85D3}.Debug|Any CPU.ActiveCfg = Debug|Any CPU
		{48464D5E-3C1E-4858-93C9-4F25311F85D3}.Debug|Any CPU.Build.0 = Debug|Any CPU
		{48464D5E-3C1E-4858-93C9-4F25311F85D3}.Debug|x64.ActiveCfg = Debug|Any CPU
		{48464D5E-3C1E-4858-93C9-4F25311F85D3}.Debug|x64.Build.0 = Debug|Any CPU
		{48464D5E-3C1E-4858-93C9-4F25311F85D3}.Release|Any CPU.ActiveCfg = Release|Any CPU
		{48464D5E-3C1E-4858-93C9-4F25311F85D3}.Release|Any CPU.Build.0 = Release|Any CPU
		{48464D5E-3C1E-4858-93C9-4F25311F85D3}.Release|x64.ActiveCfg = Release|Any CPU
		{48464D5E-3C1E-4858-93C9-4F25311F85D3}.Release|x64.Build.0 = Release|Any CPU
		{0FA076EA-55EF-4C7F-80A7-37605E505980}.Debug|Any CPU.ActiveCfg = Debug|Any CPU
		{0FA076EA-55EF-4C7F-80A7-37605E505980}.Debug|Any CPU.Build.0 = Debug|Any CPU
		{0FA076EA-55EF-4C7F-80A7-37605E505980}.Debug|x64.ActiveCfg = Debug|Any CPU
		{0FA076EA-55EF-4C7F-80A7-37605E505980}.Debug|x64.Build.0 = Debug|Any CPU
		{0FA076EA-55EF-4C7F-80A7-37605E505980}.Release|Any CPU.ActiveCfg = Release|Any CPU
		{0FA076EA-55EF-4C7F-80A7-37605E505980}.Release|Any CPU.Build.0 = Release|Any CPU
		{0FA076EA-55EF-4C7F-80A7-37605E505980}.Release|x64.ActiveCfg = Release|Any CPU
		{0FA076EA-55EF-4C7F-80A7-37605E505980}.Release|x64.Build.0 = Release|Any CPU
		{F35A8149-7E4E-4C2F-BDF3-80DD6DA6BD1B}.Debug|Any CPU.ActiveCfg = Debug|Any CPU
		{F35A8149-7E4E-4C2F-BDF3-80DD6DA6BD1B}.Debug|Any CPU.Build.0 = Debug|Any CPU
		{F35A8149-7E4E-4C2F-BDF3-80DD6DA6BD1B}.Debug|x64.ActiveCfg = Debug|Any CPU
		{F35A8149-7E4E-4C2F-BDF3-80DD6DA6BD1B}.Debug|x64.Build.0 = Debug|Any CPU
		{F35A8149-7E4E-4C2F-BDF3-80DD6DA6BD1B}.Release|Any CPU.ActiveCfg = Release|Any CPU
		{F35A8149-7E4E-4C2F-BDF3-80DD6DA6BD1B}.Release|Any CPU.Build.0 = Release|Any CPU
		{F35A8149-7E4E-4C2F-BDF3-80DD6DA6BD1B}.Release|x64.ActiveCfg = Release|Any CPU
		{F35A8149-7E4E-4C2F-BDF3-80DD6DA6BD1B}.Release|x64.Build.0 = Release|Any CPU
		{B645A77C-D088-45EE-95CA-AD45D63060CA}.Debug|Any CPU.ActiveCfg = Debug|Any CPU
		{B645A77C-D088-45EE-95CA-AD45D63060CA}.Debug|Any CPU.Build.0 = Debug|Any CPU
		{B645A77C-D088-45EE-95CA-AD45D63060CA}.Debug|x64.ActiveCfg = Debug|Any CPU
		{B645A77C-D088-45EE-95CA-AD45D63060CA}.Debug|x64.Build.0 = Debug|Any CPU
		{B645A77C-D088-45EE-95CA-AD45D63060CA}.Release|Any CPU.ActiveCfg = Release|Any CPU
		{B645A77C-D088-45EE-95CA-AD45D63060CA}.Release|Any CPU.Build.0 = Release|Any CPU
		{B645A77C-D088-45EE-95CA-AD45D63060CA}.Release|x64.ActiveCfg = Release|Any CPU
		{B645A77C-D088-45EE-95CA-AD45D63060CA}.Release|x64.Build.0 = Release|Any CPU
		{6BF97F84-C902-470F-874F-4AD839CB16B9}.Debug|Any CPU.ActiveCfg = Debug|Any CPU
		{6BF97F84-C902-470F-874F-4AD839CB16B9}.Debug|Any CPU.Build.0 = Debug|Any CPU
		{6BF97F84-C902-470F-874F-4AD839CB16B9}.Debug|x64.ActiveCfg = Debug|Any CPU
		{6BF97F84-C902-470F-874F-4AD839CB16B9}.Debug|x64.Build.0 = Debug|Any CPU
		{6BF97F84-C902-470F-874F-4AD839CB16B9}.Release|Any CPU.ActiveCfg = Release|Any CPU
		{6BF97F84-C902-470F-874F-4AD839CB16B9}.Release|Any CPU.Build.0 = Release|Any CPU
		{6BF97F84-C902-470F-874F-4AD839CB16B9}.Release|x64.ActiveCfg = Release|Any CPU
		{6BF97F84-C902-470F-874F-4AD839CB16B9}.Release|x64.Build.0 = Release|Any CPU
		{0312168C-2B71-4650-9DF6-992E762698E2}.Debug|Any CPU.ActiveCfg = Debug|Any CPU
		{0312168C-2B71-4650-9DF6-992E762698E2}.Debug|Any CPU.Build.0 = Debug|Any CPU
		{0312168C-2B71-4650-9DF6-992E762698E2}.Debug|x64.ActiveCfg = Debug|Any CPU
		{0312168C-2B71-4650-9DF6-992E762698E2}.Debug|x64.Build.0 = Debug|Any CPU
		{0312168C-2B71-4650-9DF6-992E762698E2}.Release|Any CPU.ActiveCfg = Release|Any CPU
		{0312168C-2B71-4650-9DF6-992E762698E2}.Release|Any CPU.Build.0 = Release|Any CPU
		{0312168C-2B71-4650-9DF6-992E762698E2}.Release|x64.ActiveCfg = Release|Any CPU
		{0312168C-2B71-4650-9DF6-992E762698E2}.Release|x64.Build.0 = Release|Any CPU
	EndGlobalSection
	GlobalSection(SolutionProperties) = preSolution
		HideSolutionNode = FALSE
	EndGlobalSection
	GlobalSection(NestedProjects) = preSolution
		{10B86DA1-4256-4F3E-A21F-A39942354AB4} = {44577B98-DBC0-4368-BB5E-E118FCB7AA43}
		{EEB31586-D2C6-40F4-A8B1-B60F1051ABF5} = {44577B98-DBC0-4368-BB5E-E118FCB7AA43}
		{48464D5E-3C1E-4858-93C9-4F25311F85D3} = {44577B98-DBC0-4368-BB5E-E118FCB7AA43}
		{0FA076EA-55EF-4C7F-80A7-37605E505980} = {CBB762FE-FEA6-4181-B75C-E3C6A60AA440}
		{0312168C-2B71-4650-9DF6-992E762698E2} = {CBB762FE-FEA6-4181-B75C-E3C6A60AA440}
	EndGlobalSection
	GlobalSection(ExtensibilityGlobals) = postSolution
		SolutionGuid = {3C2BBB3C-6B3A-4CC2-BD49-20745320B11A}
	EndGlobalSection
EndGlobal
