
Microsoft Visual Studio Solution File, Format Version 12.00
# Visual Studio Version 17
VisualStudioVersion = 17.5.33627.172
MinimumVisualStudioVersion = 10.0.40219.1
Project("{FAE04EC0-301F-11D3-BF4B-00C04F79EFBC}") = "ExportBodies", "ExportBodies\ExportBodies.csproj", "{F64B0C14-3A76-47BB-B54C-9CE6B613213A}"
EndProject
Global
	GlobalSection(SolutionConfigurationPlatforms) = preSolution
		Debug|Any CPU = Debug|Any CPU
		Release|Any CPU = Release|Any CPU
	EndGlobalSection
	GlobalSection(ProjectConfigurationPlatforms) = postSolution
		{F64B0C14-3A76-47BB-B54C-9CE6B613213A}.Debug|Any CPU.ActiveCfg = Debug|Any CPU
		{F64B0C14-3A76-47BB-B54C-9CE6B613213A}.Debug|Any CPU.Build.0 = Debug|Any CPU
		{F64B0C14-3A76-47BB-B54C-9CE6B613213A}.Release|Any CPU.ActiveCfg = Release|Any CPU
		{F64B0C14-3A76-47BB-B54C-9CE6B613213A}.Release|Any CPU.Build.0 = Release|Any CPU
	EndGlobalSection
	GlobalSection(SolutionProperties) = preSolution
		HideSolutionNode = FALSE
	EndGlobalSection
	GlobalSection(ExtensibilityGlobals) = postSolution
		SolutionGuid = {2729CD22-43E6-4BD2-818F-7DF526F8DAEB}
	EndGlobalSection
EndGlobal
