
Microsoft Visual Studio Solution File, Format Version 12.00
# Visual Studio Version 17
VisualStudioVersion = 17.3.32901.215
MinimumVisualStudioVersion = 10.0.40219.1
Project("{FAE04EC0-301F-11D3-BF4B-00C04F79EFBC}") = "ToolbarFileBrowser", "ToolbarFileBrowser\ToolbarFileBrowser.csproj", "{494CEB6A-E806-4A25-BD40-A2018CC46AD0}"
EndProject
Global
	GlobalSection(SolutionConfigurationPlatforms) = preSolution
		Debug|Any CPU = Debug|Any CPU
		Release|Any CPU = Release|Any CPU
	EndGlobalSection
	GlobalSection(ProjectConfigurationPlatforms) = postSolution
		{494CEB6A-E806-4A25-BD40-A2018CC46AD0}.Debug|Any CPU.ActiveCfg = Debug|Any CPU
		{494CEB6A-E806-4A25-BD40-A2018CC46AD0}.Debug|Any CPU.Build.0 = Debug|Any CPU
		{494CEB6A-E806-4A25-BD40-A2018CC46AD0}.Release|Any CPU.ActiveCfg = Release|Any CPU
		{494CEB6A-E806-4A25-BD40-A2018CC46AD0}.Release|Any CPU.Build.0 = Release|Any CPU
	EndGlobalSection
	GlobalSection(SolutionProperties) = preSolution
		HideSolutionNode = FALSE
	EndGlobalSection
	GlobalSection(ExtensibilityGlobals) = postSolution
		SolutionGuid = {2A97C6B7-54FD-4BF3-8E4C-B498E6BE951B}
	EndGlobalSection
EndGlobal
